
Microsoft Visual Studio Solution File, Format Version 12.00
# Visual Studio Version 17
VisualStudioVersion = 17.4.33122.133
MinimumVisualStudioVersion = 10.0.40219.1
Project("{9A19103F-16F7-4668-BE54-9A1E7A4F7556}") = "TianLiUpdate.API", "TianLiUpdate.API\TianLiUpdate.API.csproj", "{5C25C3D2-EA73-46DB-BCDA-9304A902AAB4}"
EndProject
Project("{9092AA53-FB77-4645-B42D-1CCCA6BD08BD}") = "TianLiUpdate.UI", "TianLiUpdate.UI\TianLiUpdate.UI.njsproj", "{94CD6681-6A89-464F-BD8B-A488E5D713D4}"
EndProject
Project("{2150E333-8FDC-42A3-9474-1A3956D46DE8}") = "解决方案项", "解决方案项", "{0224EEB3-43DA-42E9-A1BD-C491A611A659}"
	ProjectSection(SolutionItems) = preProject
		Readme.md = Readme.md
	EndProjectSection
EndProject
Global
	GlobalSection(SolutionConfigurationPlatforms) = preSolution
		Debug|Any CPU = Debug|Any CPU
		Release|Any CPU = Release|Any CPU
	EndGlobalSection
	GlobalSection(ProjectConfigurationPlatforms) = postSolution
		{5C25C3D2-EA73-46DB-BCDA-9304A902AAB4}.Debug|Any CPU.ActiveCfg = Debug|Any CPU
		{5C25C3D2-EA73-46DB-BCDA-9304A902AAB4}.Debug|Any CPU.Build.0 = Debug|Any CPU
		{5C25C3D2-EA73-46DB-BCDA-9304A902AAB4}.Release|Any CPU.ActiveCfg = Release|Any CPU
		{5C25C3D2-EA73-46DB-BCDA-9304A902AAB4}.Release|Any CPU.Build.0 = Release|Any CPU
		{94CD6681-6A89-464F-BD8B-A488E5D713D4}.Debug|Any CPU.ActiveCfg = Debug|Any CPU
		{94CD6681-6A89-464F-BD8B-A488E5D713D4}.Debug|Any CPU.Build.0 = Debug|Any CPU
		{94CD6681-6A89-464F-BD8B-A488E5D713D4}.Release|Any CPU.ActiveCfg = Release|Any CPU
		{94CD6681-6A89-464F-BD8B-A488E5D713D4}.Release|Any CPU.Build.0 = Release|Any CPU
	EndGlobalSection
	GlobalSection(SolutionProperties) = preSolution
		HideSolutionNode = FALSE
	EndGlobalSection
	GlobalSection(ExtensibilityGlobals) = postSolution
		SolutionGuid = {05FD0FB1-1BB9-47A0-8FFF-95D5CAC91CBB}
	EndGlobalSection
EndGlobal
